
Microsoft Visual Studio Solution File, Format Version 12.00
# Visual Studio Version 16
VisualStudioVersion = 16.0.30320.27
MinimumVisualStudioVersion = 10.0.40219.1
Project("{FAE04EC0-301F-11D3-BF4B-00C04F79EFBC}") = "WebForum", "PL\WebForum.csproj", "{88AA709D-D090-4634-8051-F6A1B097C03F}"
EndProject
Project("{FAE04EC0-301F-11D3-BF4B-00C04F79EFBC}") = "WebForumTests", "WebForumTests\WebForumTests.csproj", "{86EAF34E-3C57-4BE8-BD20-1B2E45D8BAE4}"
EndProject
Project("{FAE04EC0-301F-11D3-BF4B-00C04F79EFBC}") = "BackLayer", "BackLayer\BackLayer.csproj", "{46583247-0B2A-43BC-AF5B-5C4FCBD7E4BC}"
EndProject
Project("{FAE04EC0-301F-11D3-BF4B-00C04F79EFBC}") = "DataLayer", "DataLayer\DataLayer.csproj", "{61FB1D0A-C4F3-4642-940E-5E171803BFB9}"
EndProject
Global
	GlobalSection(SolutionConfigurationPlatforms) = preSolution
		Debug|Any CPU = Debug|Any CPU
		Release|Any CPU = Release|Any CPU
	EndGlobalSection
	GlobalSection(ProjectConfigurationPlatforms) = postSolution
		{88AA709D-D090-4634-8051-F6A1B097C03F}.Debug|Any CPU.ActiveCfg = Debug|Any CPU
		{88AA709D-D090-4634-8051-F6A1B097C03F}.Debug|Any CPU.Build.0 = Debug|Any CPU
		{88AA709D-D090-4634-8051-F6A1B097C03F}.Release|Any CPU.ActiveCfg = Release|Any CPU
		{88AA709D-D090-4634-8051-F6A1B097C03F}.Release|Any CPU.Build.0 = Release|Any CPU
		{86EAF34E-3C57-4BE8-BD20-1B2E45D8BAE4}.Debug|Any CPU.ActiveCfg = Debug|Any CPU
		{86EAF34E-3C57-4BE8-BD20-1B2E45D8BAE4}.Debug|Any CPU.Build.0 = Debug|Any CPU
		{86EAF34E-3C57-4BE8-BD20-1B2E45D8BAE4}.Release|Any CPU.ActiveCfg = Release|Any CPU
		{86EAF34E-3C57-4BE8-BD20-1B2E45D8BAE4}.Release|Any CPU.Build.0 = Release|Any CPU
		{46583247-0B2A-43BC-AF5B-5C4FCBD7E4BC}.Debug|Any CPU.ActiveCfg = Debug|Any CPU
		{46583247-0B2A-43BC-AF5B-5C4FCBD7E4BC}.Debug|Any CPU.Build.0 = Debug|Any CPU
		{46583247-0B2A-43BC-AF5B-5C4FCBD7E4BC}.Release|Any CPU.ActiveCfg = Release|Any CPU
		{46583247-0B2A-43BC-AF5B-5C4FCBD7E4BC}.Release|Any CPU.Build.0 = Release|Any CPU
		{61FB1D0A-C4F3-4642-940E-5E171803BFB9}.Debug|Any CPU.ActiveCfg = Debug|Any CPU
		{61FB1D0A-C4F3-4642-940E-5E171803BFB9}.Debug|Any CPU.Build.0 = Debug|Any CPU
		{61FB1D0A-C4F3-4642-940E-5E171803BFB9}.Release|Any CPU.ActiveCfg = Release|Any CPU
		{61FB1D0A-C4F3-4642-940E-5E171803BFB9}.Release|Any CPU.Build.0 = Release|Any CPU
	EndGlobalSection
	GlobalSection(SolutionProperties) = preSolution
		HideSolutionNode = FALSE
	EndGlobalSection
	GlobalSection(ExtensibilityGlobals) = postSolution
		SolutionGuid = {837DF2EF-3268-4FD7-902A-0A240A933B91}
	EndGlobalSection
EndGlobal
