
Microsoft Visual Studio Solution File, Format Version 12.00
# Visual Studio Version 16
VisualStudioVersion = 16.0.30320.27
MinimumVisualStudioVersion = 10.0.40219.1
Project("{FAE04EC0-301F-11D3-BF4B-00C04F79EFBC}") = "WebForum", "PL\WebForum.csproj", "{88AA709D-D090-4634-8051-F6A1B097C03F}"
EndProject
Project("{FAE04EC0-301F-11D3-BF4B-00C04F79EFBC}") = "WebForumTests", "WebForumTests\WebForumTests.csproj", "{86EAF34E-3C57-4BE8-BD20-1B2E45D8BAE4}"
EndProject
Project("{FAE04EC0-301F-11D3-BF4B-00C04F79EFBC}") = "DAL", "DAL\DAL.csproj", "{432A3346-3464-4A5F-BCC9-9EBCBA9EA345}"
EndProject
Project("{9A19103F-16F7-4668-BE54-9A1E7A4F7556}") = "DALTests", "DALTests\DALTests.csproj", "{C60D962E-D4CB-4F42-B101-1F74A01787F9}"
EndProject
Project("{FAE04EC0-301F-11D3-BF4B-00C04F79EFBC}") = "BLL", "BLL\BLL.csproj", "{62B3FC23-658C-49FA-ABD5-CA85F4E9BC84}"
EndProject
Project("{2150E333-8FDC-42A3-9474-1A3956D46DE8}") = "Solution Items", "Solution Items", "{89C98153-F25D-402A-9A11-61C4F89F9C55}"
	ProjectSection(SolutionItems) = preProject
		README.md = README.md
	EndProjectSection
EndProject
Project("{9A19103F-16F7-4668-BE54-9A1E7A4F7556}") = "BLL.Tests", "BLL.Tests\BLL.Tests.csproj", "{2382C5E1-768A-499C-A404-7B5CE09312F4}"
EndProject
Project("{FAE04EC0-301F-11D3-BF4B-00C04F79EFBC}") = "BLLTests", "BLLTests\BLLTests.csproj", "{C3248C61-B153-4572-BD52-823E9DE3E378}"
EndProject
Global
	GlobalSection(SolutionConfigurationPlatforms) = preSolution
		Debug|Any CPU = Debug|Any CPU
		Release|Any CPU = Release|Any CPU
	EndGlobalSection
	GlobalSection(ProjectConfigurationPlatforms) = postSolution
		{88AA709D-D090-4634-8051-F6A1B097C03F}.Debug|Any CPU.ActiveCfg = Debug|Any CPU
		{88AA709D-D090-4634-8051-F6A1B097C03F}.Debug|Any CPU.Build.0 = Debug|Any CPU
		{88AA709D-D090-4634-8051-F6A1B097C03F}.Release|Any CPU.ActiveCfg = Release|Any CPU
		{88AA709D-D090-4634-8051-F6A1B097C03F}.Release|Any CPU.Build.0 = Release|Any CPU
		{86EAF34E-3C57-4BE8-BD20-1B2E45D8BAE4}.Debug|Any CPU.ActiveCfg = Debug|Any CPU
		{86EAF34E-3C57-4BE8-BD20-1B2E45D8BAE4}.Debug|Any CPU.Build.0 = Debug|Any CPU
		{86EAF34E-3C57-4BE8-BD20-1B2E45D8BAE4}.Release|Any CPU.ActiveCfg = Release|Any CPU
		{86EAF34E-3C57-4BE8-BD20-1B2E45D8BAE4}.Release|Any CPU.Build.0 = Release|Any CPU
		{432A3346-3464-4A5F-BCC9-9EBCBA9EA345}.Debug|Any CPU.ActiveCfg = Debug|Any CPU
		{432A3346-3464-4A5F-BCC9-9EBCBA9EA345}.Debug|Any CPU.Build.0 = Debug|Any CPU
		{432A3346-3464-4A5F-BCC9-9EBCBA9EA345}.Release|Any CPU.ActiveCfg = Release|Any CPU
		{432A3346-3464-4A5F-BCC9-9EBCBA9EA345}.Release|Any CPU.Build.0 = Release|Any CPU
		{C60D962E-D4CB-4F42-B101-1F74A01787F9}.Debug|Any CPU.ActiveCfg = Debug|Any CPU
		{C60D962E-D4CB-4F42-B101-1F74A01787F9}.Debug|Any CPU.Build.0 = Debug|Any CPU
		{C60D962E-D4CB-4F42-B101-1F74A01787F9}.Release|Any CPU.ActiveCfg = Release|Any CPU
		{C60D962E-D4CB-4F42-B101-1F74A01787F9}.Release|Any CPU.Build.0 = Release|Any CPU
		{62B3FC23-658C-49FA-ABD5-CA85F4E9BC84}.Debug|Any CPU.ActiveCfg = Debug|Any CPU
		{62B3FC23-658C-49FA-ABD5-CA85F4E9BC84}.Debug|Any CPU.Build.0 = Debug|Any CPU
		{62B3FC23-658C-49FA-ABD5-CA85F4E9BC84}.Release|Any CPU.ActiveCfg = Release|Any CPU
		{62B3FC23-658C-49FA-ABD5-CA85F4E9BC84}.Release|Any CPU.Build.0 = Release|Any CPU
		{2382C5E1-768A-499C-A404-7B5CE09312F4}.Debug|Any CPU.ActiveCfg = Debug|Any CPU
		{2382C5E1-768A-499C-A404-7B5CE09312F4}.Debug|Any CPU.Build.0 = Debug|Any CPU
		{2382C5E1-768A-499C-A404-7B5CE09312F4}.Release|Any CPU.ActiveCfg = Release|Any CPU
		{2382C5E1-768A-499C-A404-7B5CE09312F4}.Release|Any CPU.Build.0 = Release|Any CPU
		{C3248C61-B153-4572-BD52-823E9DE3E378}.Debug|Any CPU.ActiveCfg = Debug|Any CPU
		{C3248C61-B153-4572-BD52-823E9DE3E378}.Debug|Any CPU.Build.0 = Debug|Any CPU
		{C3248C61-B153-4572-BD52-823E9DE3E378}.Release|Any CPU.ActiveCfg = Release|Any CPU
		{C3248C61-B153-4572-BD52-823E9DE3E378}.Release|Any CPU.Build.0 = Release|Any CPU
	EndGlobalSection
	GlobalSection(SolutionProperties) = preSolution
		HideSolutionNode = FALSE
	EndGlobalSection
	GlobalSection(ExtensibilityGlobals) = postSolution
		SolutionGuid = {837DF2EF-3268-4FD7-902A-0A240A933B91}
	EndGlobalSection
EndGlobal
